
Microsoft Visual Studio Solution File, Format Version 12.00
# Visual Studio Version 17
VisualStudioVersion = 17.13.35919.96 d17.13
MinimumVisualStudioVersion = 10.0.40219.1
Project("{FAE04EC0-301F-11D3-BF4B-00C04F79EFBC}") = "SERA", "SERA.csproj", "{90A4192C-AF13-442F-B5D8-FCE875434B51}"
EndProject
Global
	GlobalSection(SolutionConfigurationPlatforms) = preSolution
		Debug|Any CPU = Debug|Any CPU
		Release|Any CPU = Release|Any CPU
	EndGlobalSection
	GlobalSection(ProjectConfigurationPlatforms) = postSolution
		{90A4192C-AF13-442F-B5D8-FCE875434B51}.Debug|Any CPU.ActiveCfg = Debug|Any CPU
		{90A4192C-AF13-442F-B5D8-FCE875434B51}.Debug|Any CPU.Build.0 = Debug|Any CPU
		{90A4192C-AF13-442F-B5D8-FCE875434B51}.Release|Any CPU.ActiveCfg = Release|Any CPU
		{90A4192C-AF13-442F-B5D8-FCE875434B51}.Release|Any CPU.Build.0 = Release|Any CPU
	EndGlobalSection
	GlobalSection(SolutionProperties) = preSolution
		HideSolutionNode = FALSE
	EndGlobalSection
	GlobalSection(ExtensibilityGlobals) = postSolution
		SolutionGuid = {B7174692-FD51-46B6-AB12-2939123E9DC8}
	EndGlobalSection
EndGlobal
